
Microsoft Visual Studio Solution File, Format Version 12.00
# Visual Studio Version 17
VisualStudioVersion = 17.0.32112.339
MinimumVisualStudioVersion = 10.0.40219.1
Project("{9A19103F-16F7-4668-BE54-9A1E7A4F7556}") = "API", "API\API.csproj", "{9AD61A90-600B-444A-BEDF-9D3275B6B64C}"
EndProject
Project("{9A19103F-16F7-4668-BE54-9A1E7A4F7556}") = "AuthScape.Services", "AuthScape.Services\AuthScape.Services.csproj", "{F3D6D587-3EFA-4CD0-B131-32D660EFBF63}"
EndProject
Project("{9A19103F-16F7-4668-BE54-9A1E7A4F7556}") = "IDP", "IDP\IDP.csproj", "{361D5809-99D5-4F34-86F4-E0095B21EC87}"
EndProject
Project("{9A19103F-16F7-4668-BE54-9A1E7A4F7556}") = "AuthScape.Controllers", "AuthScape.Controllers\AuthScape.Controllers.csproj", "{93153A7B-DA53-464D-BF99-B01714EBE82A}"
EndProject
Project("{9A19103F-16F7-4668-BE54-9A1E7A4F7556}") = "Services.Database", "Services.Database\Services.Database.csproj", "{529EEEC7-5979-4D9E-B034-F86F7A47874D}"
EndProject
Project("{9A19103F-16F7-4668-BE54-9A1E7A4F7556}") = "AuthScape.Models", "AuthScape.Models\AuthScape.Models.csproj", "{B669EA17-04DB-4D29-BB75-6BA9A4921593}"
EndProject
Project("{9A19103F-16F7-4668-BE54-9A1E7A4F7556}") = "AuthScape.IDP", "AuthScape.IDP\AuthScape.IDP.csproj", "{5A4CFB8C-9F76-434F-8CB8-44ED833ACED0}"
EndProject
Project("{9A19103F-16F7-4668-BE54-9A1E7A4F7556}") = "Models", "Models\Models.csproj", "{7041C1E1-BA57-4F67-8356-A47504FD2F52}"
EndProject
Project("{9A19103F-16F7-4668-BE54-9A1E7A4F7556}") = "Services", "Services\Services.csproj", "{8D6C38E8-44AC-4C1B-ADFE-6600314BE102}"
EndProject
Project("{2150E333-8FDC-42A3-9474-1A3956D46DE8}") = "Modules", "Modules", "{43A9892B-E649-4A50-BB34-F8673EAF5973}"
EndProject
Project("{9A19103F-16F7-4668-BE54-9A1E7A4F7556}") = "AuthScape.SendGrid", "Plugins\SendGrid\SendGridService\AuthScape.SendGrid.csproj", "{4E9CF540-42B5-4C8F-A2D4-8DD92D20D99D}"
EndProject
Project("{9A19103F-16F7-4668-BE54-9A1E7A4F7556}") = "AuthScape.StripePayment", "Plugins\AuthScape.Stripe\AuthScape.StripePayment.csproj", "{5C003D9B-4187-43C1-B466-381A9CFC2C51}"
EndProject
Project("{2150E333-8FDC-42A3-9474-1A3956D46DE8}") = "PaymentGateway", "PaymentGateway", "{2B41F28A-3580-4607-B219-FE301F81DF20}"
EndProject
Project("{2150E333-8FDC-42A3-9474-1A3956D46DE8}") = "Mail", "Mail", "{E58A84DE-593E-4E8B-9A9B-0903279BEC91}"
EndProject
Project("{2150E333-8FDC-42A3-9474-1A3956D46DE8}") = "TicketSystem", "TicketSystem", "{DA9B6F95-A339-4C9F-9BEE-F926E2338F63}"
EndProject
Project("{9A19103F-16F7-4668-BE54-9A1E7A4F7556}") = "AuthScape.TicketSystem", "Plugins\TicketSystem\Ticket\AuthScape.TicketSystem.csproj", "{D573A221-72B7-4BB8-B620-0D8787465617}"
EndProject
Project("{2150E333-8FDC-42A3-9474-1A3956D46DE8}") = "Sitemap", "Sitemap", "{6B740F85-C459-48CF-84AF-1C9EF2A36B0C}"
EndProject
Project("{2150E333-8FDC-42A3-9474-1A3956D46DE8}") = "ContentManagement", "ContentManagement", "{653992BB-C5FB-41AB-8F53-EA87AD28239F}"
EndProject
Project("{9A19103F-16F7-4668-BE54-9A1E7A4F7556}") = "AuthScape.ContentManagement", "Plugins\ContentManagement\AuthScape.ContentManagement\AuthScape.ContentManagement.csproj", "{E9A58E7E-8C76-4086-8029-BB057BD1339E}"
EndProject
Project("{2150E333-8FDC-42A3-9474-1A3956D46DE8}") = "Readme", "Readme", "{736D7B6E-1C31-439E-A68E-E19F509178B6}"
	ProjectSection(SolutionItems) = preProject
		Readme.md = Readme.md
	EndProjectSection
EndProject
Project("{9A19103F-16F7-4668-BE54-9A1E7A4F7556}") = "AuthScape.SendGrid.WebhookController", "Plugins\AuthScape.SendGrid.Webhook\AuthScape.SendGrid.WebhookController.csproj", "{6DBB16DC-774F-428D-A790-D3680263EE46}"
EndProject
Project("{2150E333-8FDC-42A3-9474-1A3956D46DE8}") = "IdentityServer", "IdentityServer", "{C9CB52E2-9207-47E7-AA37-9DCD09D53FF5}"
EndProject
Project("{9A19103F-16F7-4668-BE54-9A1E7A4F7556}") = "Authscape.IdentityServer", "Plugins\Authscape.IdentityServer\Authscape.IdentityServer.csproj", "{CFE99D09-CE63-442C-90E7-5332A670BDA2}"
EndProject
Project("{2150E333-8FDC-42A3-9474-1A3956D46DE8}") = "PrivateLabel", "PrivateLabel", "{CEE4F6BC-91EB-4F52-9ACB-5FAA3943B003}"
EndProject
Project("{9A19103F-16F7-4668-BE54-9A1E7A4F7556}") = "AuthScape.PrivateLabel", "Plugins\AuthScape.Privatelabel\AuthScape.PrivateLabel.csproj", "{2AB073D5-6E3C-4AC0-AF7D-C69A9BFBE68E}"
EndProject
Project("{2150E333-8FDC-42A3-9474-1A3956D46DE8}") = "Invoices", "Invoices", "{622BA011-2CFF-4473-8425-0C90A08B458E}"
EndProject
Project("{9A19103F-16F7-4668-BE54-9A1E7A4F7556}") = "AuthScape.Invoice", "Plugins\AuthScape.Invoice\AuthScape.Invoice.csproj", "{C6D2AF1D-E4BA-4860-BCA2-A8A7D40CD072}"
EndProject
Project("{2150E333-8FDC-42A3-9474-1A3956D46DE8}") = "Documents", "Documents", "{AB9B563E-2CC3-411A-B882-6BE67DCE2A00}"
EndProject
Project("{9A19103F-16F7-4668-BE54-9A1E7A4F7556}") = "AuthScape.Document", "Plugins\AuthScape.DocumentProcessing\AuthScape.Document.csproj", "{CD01DB3E-3FB0-4429-9129-B406819878E8}"
EndProject
Project("{2150E333-8FDC-42A3-9474-1A3956D46DE8}") = "Reporting", "Reporting", "{C4952C57-F4F9-491C-822A-4EBC9422659A}"
EndProject
Project("{9A19103F-16F7-4668-BE54-9A1E7A4F7556}") = "Authscape.Reporting", "Plugins\Reporting\Authscape.Reporting\Authscape.Reporting.csproj", "{FB75C5A3-7148-41D5-B3AB-792EA9322C50}"
EndProject
Project("{9A19103F-16F7-4668-BE54-9A1E7A4F7556}") = "Reports", "Reports\Reports.csproj", "{5B68D759-7BF4-42EE-93AF-B7E7A3D2D664}"
EndProject
Project("{2150E333-8FDC-42A3-9474-1A3956D46DE8}") = "Logging", "Logging", "{01BD2E45-A725-4398-AB93-EB1F034FA7F9}"
EndProject
Project("{9A19103F-16F7-4668-BE54-9A1E7A4F7556}") = "AuthScape.Logging", "AuthScape.Logging\AuthScape.Logging.csproj", "{D369160F-B413-4901-8CA9-DC7154AC65E1}"
EndProject
Project("{2150E333-8FDC-42A3-9474-1A3956D46DE8}") = "AI and ML", "AI and ML", "{6307EDDC-F33C-4B65-B1FC-177E457D0396}"
EndProject
Project("{9A19103F-16F7-4668-BE54-9A1E7A4F7556}") = "AuthScape.OpenAI", "Plugins\AuthScape.ChatGPT\AuthScape.OpenAI.csproj", "{1DBE6163-E695-4339-A5CE-7115EE046364}"
EndProject
Project("{9A19103F-16F7-4668-BE54-9A1E7A4F7556}") = "AuthScape.Document.Mapping", "Plugins\AuthScape.Document.Mapping\AuthScape.Document.Mapping.csproj", "{618B668C-48E4-4A08-A4D8-194B64190A8F}"
EndProject
Project("{2150E333-8FDC-42A3-9474-1A3956D46DE8}") = "Bank", "Bank", "{5461B5C2-EA34-4DDD-A8E8-E8042B2BA0C8}"
EndProject
Project("{9A19103F-16F7-4668-BE54-9A1E7A4F7556}") = "Authscape.Plaid", "Plugins\Authscape.Plaid\Authscape.Plaid\Authscape.Plaid.csproj", "{1980163D-3386-4D98-B437-EED040F6C5E5}"
EndProject
Project("{9A19103F-16F7-4668-BE54-9A1E7A4F7556}") = "AuthScape.Document.Models", "Plugins\Document\AuthScape.Document.Models\AuthScape.Document.Models.csproj", "{6C533B9D-C2A3-4F1C-91D2-677BB1DCE656}"
EndProject
Project("{2150E333-8FDC-42A3-9474-1A3956D46DE8}") = "DocumentMapping", "DocumentMapping", "{0B862949-AEB2-43BC-A3D8-ADB3DC10CA6C}"
EndProject
Project("{9A19103F-16F7-4668-BE54-9A1E7A4F7556}") = "AuthScape.TicketSystem.Modals", "Plugins\Tickets\AuthScape.TicketSystem.Modals\AuthScape.TicketSystem.Modals.csproj", "{1AC38EA9-1C13-42B6-8A4B-FBE988FD38D8}"
EndProject
Project("{2150E333-8FDC-42A3-9474-1A3956D46DE8}") = "NodeSystem", "NodeSystem", "{D0D3E3FA-243B-41E7-AA31-43D9CCC2E153}"
EndProject
Project("{9A19103F-16F7-4668-BE54-9A1E7A4F7556}") = "AuthScape.Flows", "Plugins\AuthScape.NodeService\AuthScape.Flows.csproj", "{11409201-6CD5-4225-876E-F07E2C3C2BAB}"
EndProject
Project("{9A19103F-16F7-4668-BE54-9A1E7A4F7556}") = "AuthScape.StripePayment.Controller", "Plugins\AuthScape.StripePayment.Controller\AuthScape.StripePayment.Controller.csproj", "{26462536-50D4-429D-926D-F835189C4222}"
EndProject
Project("{9A19103F-16F7-4668-BE54-9A1E7A4F7556}") = "AuthScape.BillingSystem", "Plugins\AuthScape.BillingSystem\AuthScape.BillingSystem.csproj", "{646ACCD7-E604-498A-B4F9-F87263348D1F}"
EndProject
Project("{9A19103F-16F7-4668-BE54-9A1E7A4F7556}") = "AuthScape.Invoice.Models", "Plugins\AuthScape.Invoice.Models\AuthScape.Invoice.Models.csproj", "{E295AF7E-0D37-42C2-AE56-AB9F962D6957}"
EndProject
Project("{9A19103F-16F7-4668-BE54-9A1E7A4F7556}") = "AuthScape.Flows.Models", "Plugins\NodeService\AuthScape.NodeService.Models\AuthScape.Flows.Models.csproj", "{02A3DD11-A281-4A6D-BD41-56D47A928713}"
EndProject
Project("{2150E333-8FDC-42A3-9474-1A3956D46DE8}") = "LongRunningServices", "LongRunningServices", "{8FE6A4CC-E79B-440C-8427-FB21CAC8111B}"
EndProject
Project("{9A19103F-16F7-4668-BE54-9A1E7A4F7556}") = "BackgroundServiceApp", "LongRunningServices\BackgroundServiceApp\BackgroundServiceApp.csproj", "{2A860ADA-4810-4CBE-A082-582C064C2B72}"
EndProject
Project("{9A19103F-16F7-4668-BE54-9A1E7A4F7556}") = "AuthScape.BackgroundServiceCore", "LongRunningServices\BackgroundServiceCore\AuthScape.BackgroundServiceCore.csproj", "{A795F027-C449-4A2B-AFEE-F57790C51706}"
EndProject
Project("{9A19103F-16F7-4668-BE54-9A1E7A4F7556}") = "AuthScape.BackgroundServiceCore.Models", "LongRunningServices\AuthScape.BackgroundServiceCore.Models\AuthScape.BackgroundServiceCore.Models.csproj", "{8555335F-A5B6-40CA-8FA8-505C070EA35E}"
EndProject
Project("{2150E333-8FDC-42A3-9474-1A3956D46DE8}") = "Spreadsheet", "Spreadsheet", "{64BF3B08-9081-4D90-9568-D2D92D2F6133}"
EndProject
Project("{9A19103F-16F7-4668-BE54-9A1E7A4F7556}") = "AuthScape.Spreadsheet", "Plugins\Spreadsheet\AuthScape.Spreadsheet\AuthScape.Spreadsheet.csproj", "{3D9DD7D9-6532-48C3-B0EB-0ADFAA7E0B3A}"
EndProject
Project("{9A19103F-16F7-4668-BE54-9A1E7A4F7556}") = "AuthScape.Spreadsheet.Models", "Plugins\Spreadsheet\AuthScape.Spreadsheet.Models\AuthScape.Spreadsheet.Models.csproj", "{0ABB2978-D59D-4D0F-A074-BEDEEC198C43}"
EndProject
Project("{9A19103F-16F7-4668-BE54-9A1E7A4F7556}") = "AuthScape.Spreadsheet.Controller", "Plugins\Spreadsheet\AuthScape.Spreadsheet.Controller\AuthScape.Spreadsheet.Controller.csproj", "{334B8022-3395-4582-A31E-A518D506EACF}"
EndProject
Project("{9A19103F-16F7-4668-BE54-9A1E7A4F7556}") = "AuthScape.Document.Mapping.Models", "Plugins\Mapping\AuthScape.Document.Mapping.Models\AuthScape.Document.Mapping.Models.csproj", "{575262A0-A888-43FD-A590-0F86F545DB23}"
EndProject
Project("{2150E333-8FDC-42A3-9474-1A3956D46DE8}") = "Analytics", "Analytics", "{AF23E548-C506-4D95-8F1C-3FDF4851DF3E}"
EndProject
Project("{9A19103F-16F7-4668-BE54-9A1E7A4F7556}") = "AuthScape.Analytics", "Plugins\AuthScape.Analytics\AuthScape.Analytics\AuthScape.Analytics.csproj", "{5F7B0633-D346-4F83-ADAD-FEA4895D5C84}"
EndProject
Project("{9A19103F-16F7-4668-BE54-9A1E7A4F7556}") = "AuthScape.Analytics.Models", "Plugins\AuthScape.Analytics.Models\AuthScape.Analytics.Models.csproj", "{91FCC58A-2EFC-4BAB-817C-AF64CE34D915}"
EndProject
Project("{2150E333-8FDC-42A3-9474-1A3956D46DE8}") = "Kanban", "Kanban", "{C3E73A33-F6E9-4685-86BF-79A2EF70749C}"
EndProject
Project("{9A19103F-16F7-4668-BE54-9A1E7A4F7556}") = "AuthScape.Kanban", "Plugins\AuthScape.Kanban\AuthScape.Kanban\AuthScape.Kanban.csproj", "{8A179E6D-2C0E-43FE-8439-D6493A73E7BF}"
EndProject
Project("{2150E333-8FDC-42A3-9474-1A3956D46DE8}") = "SearchEngine", "SearchEngine", "{F19DB3A8-4138-479D-94AF-AA1C0A6B6603}"
EndProject
Project("{9A19103F-16F7-4668-BE54-9A1E7A4F7556}") = "SearchEnigne", "SearchEngine\SearchEnigne\SearchEnigne.csproj", "{401D4050-C17E-40B6-BB63-EEC279C0E37B}"
EndProject
Project("{2150E333-8FDC-42A3-9474-1A3956D46DE8}") = "UserManagement", "UserManagement", "{C794B39E-5775-4453-8028-AB2BF1C38F62}"
EndProject
Project("{9A19103F-16F7-4668-BE54-9A1E7A4F7556}") = "AuthScape.UserManageSystem", "Plugins\UserManagement\UserManageSystem\AuthScape.UserManageSystem.csproj", "{FAF16BB9-0711-4BA4-8896-3CCF110C20F7}"
EndProject
Project("{2150E333-8FDC-42A3-9474-1A3956D46DE8}") = "Backpack", "Backpack", "{3EBB8BA7-B71E-46D2-AC81-3B3C00F35681}"
EndProject
Project("{9A19103F-16F7-4668-BE54-9A1E7A4F7556}") = "AuthScape.Backpack", "Plugins\Authscape.Backpack\AuthScape.Backpack.csproj", "{FF7B8875-D7D5-4391-9269-028094B11800}"
EndProject
Project("{2150E333-8FDC-42A3-9474-1A3956D46DE8}") = "Search", "Search", "{88E5D560-5614-4107-AF1E-B854D7BDD0F8}"
EndProject
Project("{9A19103F-16F7-4668-BE54-9A1E7A4F7556}") = "AuthScape.LuceneSearch", "Plugins\LuceneSearchService\AuthScape.LuceneSearch.csproj", "{230257AC-0016-4C0D-BE8D-CE6B07FE39BF}"
EndProject
Project("{2150E333-8FDC-42A3-9474-1A3956D46DE8}") = "Azure", "Azure", "{96A90D01-6BAF-4E77-B210-65AC88A47951}"
EndProject
Project("{9A19103F-16F7-4668-BE54-9A1E7A4F7556}") = "AuthScape.AzureCloudService", "Plugins\AuthScape.AzureCloudService\AuthScape.AzureCloudService.csproj", "{28047923-19DF-41F9-BDBD-81077EAC6BBA}"
EndProject
Project("{9A19103F-16F7-4668-BE54-9A1E7A4F7556}") = "AuthScape.PrivateLabel.Models", "Plugins\AuthScape.PrivateLabel.Models\AuthScape.PrivateLabel.Models.csproj", "{30A9D596-6EFE-48CE-9709-6C9F4B02E350}"
EndProject
Project("{9A19103F-16F7-4668-BE54-9A1E7A4F7556}") = "AuthScape.UserManageSystem.Models", "Plugins\AuthScape.UserManagementSystem.Models\AuthScape.UserManageSystem.Models.csproj", "{97265560-52C5-4F42-A74E-2962F4A52203}"
EndProject
Project("{9A19103F-16F7-4668-BE54-9A1E7A4F7556}") = "AuthScape.ReadMail", "AuthScape.ReadMail\AuthScape.ReadMail.csproj", "{575F35F5-6DF6-4AC3-8D74-34A0804B5C50}"
EndProject
Project("{2150E333-8FDC-42A3-9474-1A3956D46DE8}") = "Google", "Google", "{347D1629-42A0-4259-B8E9-A4D5D1ADEEBB}"
EndProject
Project("{9A19103F-16F7-4668-BE54-9A1E7A4F7556}") = "AuthScape.GoogleServices", "Plugins\GoogleServices\AuthScape.GoogleServices.csproj", "{4CF9A3AE-29E7-4C2B-BDD5-EC565B06DB9E}"
EndProject
Project("{2150E333-8FDC-42A3-9474-1A3956D46DE8}") = "Marketplace", "Marketplace", "{307CF662-F266-40BE-A171-FEB48FCE66DF}"
EndProject
Project("{FAE04EC0-301F-11D3-BF4B-00C04F79EFBC}") = "AuthScape.Marketplace", "AuthScape.Marketplace\AuthScape.Marketplace.csproj", "{BF0035DD-7148-43A5-980C-6F74F983392E}"
EndProject
Project("{FAE04EC0-301F-11D3-BF4B-00C04F79EFBC}") = "AuthScape.Marketplace.Models", "AuthScape.Marketplace.Models\AuthScape.Marketplace.Models.csproj", "{69B9FE3A-B4E9-4E9B-8327-63FA7BCC6336}"
EndProject
Project("{2150E333-8FDC-42A3-9474-1A3956D46DE8}") = "Jira", "Jira", "{2E571D1E-F386-4716-898E-6BB6A1E0A5D6}"
EndProject
Project("{FAE04EC0-301F-11D3-BF4B-00C04F79EFBC}") = "Jira.Controller", "Plugins\JiraRelease\Jira.Controller.csproj", "{1A88B5DF-3FD0-49A7-8C06-73ECF740D062}"
EndProject
Global
	GlobalSection(SolutionConfigurationPlatforms) = preSolution
		Debug|Any CPU = Debug|Any CPU
		Release|Any CPU = Release|Any CPU
	EndGlobalSection
	GlobalSection(ProjectConfigurationPlatforms) = postSolution
		{9AD61A90-600B-444A-BEDF-9D3275B6B64C}.Debug|Any CPU.ActiveCfg = Debug|Any CPU
		{9AD61A90-600B-444A-BEDF-9D3275B6B64C}.Debug|Any CPU.Build.0 = Debug|Any CPU
		{9AD61A90-600B-444A-BEDF-9D3275B6B64C}.Release|Any CPU.ActiveCfg = Release|Any CPU
		{9AD61A90-600B-444A-BEDF-9D3275B6B64C}.Release|Any CPU.Build.0 = Release|Any CPU
		{F3D6D587-3EFA-4CD0-B131-32D660EFBF63}.Debug|Any CPU.ActiveCfg = Debug|Any CPU
		{F3D6D587-3EFA-4CD0-B131-32D660EFBF63}.Debug|Any CPU.Build.0 = Debug|Any CPU
		{F3D6D587-3EFA-4CD0-B131-32D660EFBF63}.Release|Any CPU.ActiveCfg = Release|Any CPU
		{F3D6D587-3EFA-4CD0-B131-32D660EFBF63}.Release|Any CPU.Build.0 = Release|Any CPU
		{361D5809-99D5-4F34-86F4-E0095B21EC87}.Debug|Any CPU.ActiveCfg = Debug|Any CPU
		{361D5809-99D5-4F34-86F4-E0095B21EC87}.Debug|Any CPU.Build.0 = Debug|Any CPU
		{361D5809-99D5-4F34-86F4-E0095B21EC87}.Release|Any CPU.ActiveCfg = Release|Any CPU
		{361D5809-99D5-4F34-86F4-E0095B21EC87}.Release|Any CPU.Build.0 = Release|Any CPU
		{93153A7B-DA53-464D-BF99-B01714EBE82A}.Debug|Any CPU.ActiveCfg = Debug|Any CPU
		{93153A7B-DA53-464D-BF99-B01714EBE82A}.Debug|Any CPU.Build.0 = Debug|Any CPU
		{93153A7B-DA53-464D-BF99-B01714EBE82A}.Release|Any CPU.ActiveCfg = Release|Any CPU
		{93153A7B-DA53-464D-BF99-B01714EBE82A}.Release|Any CPU.Build.0 = Release|Any CPU
		{529EEEC7-5979-4D9E-B034-F86F7A47874D}.Debug|Any CPU.ActiveCfg = Debug|Any CPU
		{529EEEC7-5979-4D9E-B034-F86F7A47874D}.Debug|Any CPU.Build.0 = Debug|Any CPU
		{529EEEC7-5979-4D9E-B034-F86F7A47874D}.Release|Any CPU.ActiveCfg = Release|Any CPU
		{529EEEC7-5979-4D9E-B034-F86F7A47874D}.Release|Any CPU.Build.0 = Release|Any CPU
		{B669EA17-04DB-4D29-BB75-6BA9A4921593}.Debug|Any CPU.ActiveCfg = Debug|Any CPU
		{B669EA17-04DB-4D29-BB75-6BA9A4921593}.Debug|Any CPU.Build.0 = Debug|Any CPU
		{B669EA17-04DB-4D29-BB75-6BA9A4921593}.Release|Any CPU.ActiveCfg = Release|Any CPU
		{B669EA17-04DB-4D29-BB75-6BA9A4921593}.Release|Any CPU.Build.0 = Release|Any CPU
		{5A4CFB8C-9F76-434F-8CB8-44ED833ACED0}.Debug|Any CPU.ActiveCfg = Debug|Any CPU
		{5A4CFB8C-9F76-434F-8CB8-44ED833ACED0}.Debug|Any CPU.Build.0 = Debug|Any CPU
		{5A4CFB8C-9F76-434F-8CB8-44ED833ACED0}.Release|Any CPU.ActiveCfg = Release|Any CPU
		{5A4CFB8C-9F76-434F-8CB8-44ED833ACED0}.Release|Any CPU.Build.0 = Release|Any CPU
		{7041C1E1-BA57-4F67-8356-A47504FD2F52}.Debug|Any CPU.ActiveCfg = Debug|Any CPU
		{7041C1E1-BA57-4F67-8356-A47504FD2F52}.Debug|Any CPU.Build.0 = Debug|Any CPU
		{7041C1E1-BA57-4F67-8356-A47504FD2F52}.Release|Any CPU.ActiveCfg = Release|Any CPU
		{7041C1E1-BA57-4F67-8356-A47504FD2F52}.Release|Any CPU.Build.0 = Release|Any CPU
		{8D6C38E8-44AC-4C1B-ADFE-6600314BE102}.Debug|Any CPU.ActiveCfg = Debug|Any CPU
		{8D6C38E8-44AC-4C1B-ADFE-6600314BE102}.Debug|Any CPU.Build.0 = Debug|Any CPU
		{8D6C38E8-44AC-4C1B-ADFE-6600314BE102}.Release|Any CPU.ActiveCfg = Release|Any CPU
		{8D6C38E8-44AC-4C1B-ADFE-6600314BE102}.Release|Any CPU.Build.0 = Release|Any CPU
		{4E9CF540-42B5-4C8F-A2D4-8DD92D20D99D}.Debug|Any CPU.ActiveCfg = Debug|Any CPU
		{4E9CF540-42B5-4C8F-A2D4-8DD92D20D99D}.Debug|Any CPU.Build.0 = Debug|Any CPU
		{4E9CF540-42B5-4C8F-A2D4-8DD92D20D99D}.Release|Any CPU.ActiveCfg = Release|Any CPU
		{4E9CF540-42B5-4C8F-A2D4-8DD92D20D99D}.Release|Any CPU.Build.0 = Release|Any CPU
		{5C003D9B-4187-43C1-B466-381A9CFC2C51}.Debug|Any CPU.ActiveCfg = Debug|Any CPU
		{5C003D9B-4187-43C1-B466-381A9CFC2C51}.Debug|Any CPU.Build.0 = Debug|Any CPU
		{5C003D9B-4187-43C1-B466-381A9CFC2C51}.Release|Any CPU.ActiveCfg = Release|Any CPU
		{5C003D9B-4187-43C1-B466-381A9CFC2C51}.Release|Any CPU.Build.0 = Release|Any CPU
		{D573A221-72B7-4BB8-B620-0D8787465617}.Debug|Any CPU.ActiveCfg = Debug|Any CPU
		{D573A221-72B7-4BB8-B620-0D8787465617}.Debug|Any CPU.Build.0 = Debug|Any CPU
		{D573A221-72B7-4BB8-B620-0D8787465617}.Release|Any CPU.ActiveCfg = Release|Any CPU
		{D573A221-72B7-4BB8-B620-0D8787465617}.Release|Any CPU.Build.0 = Release|Any CPU
		{E9A58E7E-8C76-4086-8029-BB057BD1339E}.Debug|Any CPU.ActiveCfg = Debug|Any CPU
		{E9A58E7E-8C76-4086-8029-BB057BD1339E}.Debug|Any CPU.Build.0 = Debug|Any CPU
		{E9A58E7E-8C76-4086-8029-BB057BD1339E}.Release|Any CPU.ActiveCfg = Release|Any CPU
		{E9A58E7E-8C76-4086-8029-BB057BD1339E}.Release|Any CPU.Build.0 = Release|Any CPU
		{6DBB16DC-774F-428D-A790-D3680263EE46}.Debug|Any CPU.ActiveCfg = Debug|Any CPU
		{6DBB16DC-774F-428D-A790-D3680263EE46}.Debug|Any CPU.Build.0 = Debug|Any CPU
		{6DBB16DC-774F-428D-A790-D3680263EE46}.Release|Any CPU.ActiveCfg = Release|Any CPU
		{6DBB16DC-774F-428D-A790-D3680263EE46}.Release|Any CPU.Build.0 = Release|Any CPU
		{CFE99D09-CE63-442C-90E7-5332A670BDA2}.Debug|Any CPU.ActiveCfg = Debug|Any CPU
		{CFE99D09-CE63-442C-90E7-5332A670BDA2}.Debug|Any CPU.Build.0 = Debug|Any CPU
		{CFE99D09-CE63-442C-90E7-5332A670BDA2}.Release|Any CPU.ActiveCfg = Release|Any CPU
		{CFE99D09-CE63-442C-90E7-5332A670BDA2}.Release|Any CPU.Build.0 = Release|Any CPU
		{2AB073D5-6E3C-4AC0-AF7D-C69A9BFBE68E}.Debug|Any CPU.ActiveCfg = Debug|Any CPU
		{2AB073D5-6E3C-4AC0-AF7D-C69A9BFBE68E}.Debug|Any CPU.Build.0 = Debug|Any CPU
		{2AB073D5-6E3C-4AC0-AF7D-C69A9BFBE68E}.Release|Any CPU.ActiveCfg = Release|Any CPU
		{2AB073D5-6E3C-4AC0-AF7D-C69A9BFBE68E}.Release|Any CPU.Build.0 = Release|Any CPU
		{C6D2AF1D-E4BA-4860-BCA2-A8A7D40CD072}.Debug|Any CPU.ActiveCfg = Debug|Any CPU
		{C6D2AF1D-E4BA-4860-BCA2-A8A7D40CD072}.Debug|Any CPU.Build.0 = Debug|Any CPU
		{C6D2AF1D-E4BA-4860-BCA2-A8A7D40CD072}.Release|Any CPU.ActiveCfg = Release|Any CPU
		{C6D2AF1D-E4BA-4860-BCA2-A8A7D40CD072}.Release|Any CPU.Build.0 = Release|Any CPU
		{CD01DB3E-3FB0-4429-9129-B406819878E8}.Debug|Any CPU.ActiveCfg = Debug|Any CPU
		{CD01DB3E-3FB0-4429-9129-B406819878E8}.Debug|Any CPU.Build.0 = Debug|Any CPU
		{CD01DB3E-3FB0-4429-9129-B406819878E8}.Release|Any CPU.ActiveCfg = Release|Any CPU
		{CD01DB3E-3FB0-4429-9129-B406819878E8}.Release|Any CPU.Build.0 = Release|Any CPU
		{FB75C5A3-7148-41D5-B3AB-792EA9322C50}.Debug|Any CPU.ActiveCfg = Debug|Any CPU
		{FB75C5A3-7148-41D5-B3AB-792EA9322C50}.Debug|Any CPU.Build.0 = Debug|Any CPU
		{FB75C5A3-7148-41D5-B3AB-792EA9322C50}.Release|Any CPU.ActiveCfg = Release|Any CPU
		{FB75C5A3-7148-41D5-B3AB-792EA9322C50}.Release|Any CPU.Build.0 = Release|Any CPU
		{5B68D759-7BF4-42EE-93AF-B7E7A3D2D664}.Debug|Any CPU.ActiveCfg = Debug|Any CPU
		{5B68D759-7BF4-42EE-93AF-B7E7A3D2D664}.Debug|Any CPU.Build.0 = Debug|Any CPU
		{5B68D759-7BF4-42EE-93AF-B7E7A3D2D664}.Release|Any CPU.ActiveCfg = Release|Any CPU
		{5B68D759-7BF4-42EE-93AF-B7E7A3D2D664}.Release|Any CPU.Build.0 = Release|Any CPU
		{D369160F-B413-4901-8CA9-DC7154AC65E1}.Debug|Any CPU.ActiveCfg = Debug|Any CPU
		{D369160F-B413-4901-8CA9-DC7154AC65E1}.Debug|Any CPU.Build.0 = Debug|Any CPU
		{D369160F-B413-4901-8CA9-DC7154AC65E1}.Release|Any CPU.ActiveCfg = Release|Any CPU
		{D369160F-B413-4901-8CA9-DC7154AC65E1}.Release|Any CPU.Build.0 = Release|Any CPU
		{1DBE6163-E695-4339-A5CE-7115EE046364}.Debug|Any CPU.ActiveCfg = Debug|Any CPU
		{1DBE6163-E695-4339-A5CE-7115EE046364}.Debug|Any CPU.Build.0 = Debug|Any CPU
		{1DBE6163-E695-4339-A5CE-7115EE046364}.Release|Any CPU.ActiveCfg = Release|Any CPU
		{1DBE6163-E695-4339-A5CE-7115EE046364}.Release|Any CPU.Build.0 = Release|Any CPU
		{618B668C-48E4-4A08-A4D8-194B64190A8F}.Debug|Any CPU.ActiveCfg = Debug|Any CPU
		{618B668C-48E4-4A08-A4D8-194B64190A8F}.Debug|Any CPU.Build.0 = Debug|Any CPU
		{618B668C-48E4-4A08-A4D8-194B64190A8F}.Release|Any CPU.ActiveCfg = Release|Any CPU
		{618B668C-48E4-4A08-A4D8-194B64190A8F}.Release|Any CPU.Build.0 = Release|Any CPU
		{1980163D-3386-4D98-B437-EED040F6C5E5}.Debug|Any CPU.ActiveCfg = Debug|Any CPU
		{1980163D-3386-4D98-B437-EED040F6C5E5}.Debug|Any CPU.Build.0 = Debug|Any CPU
		{1980163D-3386-4D98-B437-EED040F6C5E5}.Release|Any CPU.ActiveCfg = Release|Any CPU
		{1980163D-3386-4D98-B437-EED040F6C5E5}.Release|Any CPU.Build.0 = Release|Any CPU
		{6C533B9D-C2A3-4F1C-91D2-677BB1DCE656}.Debug|Any CPU.ActiveCfg = Debug|Any CPU
		{6C533B9D-C2A3-4F1C-91D2-677BB1DCE656}.Debug|Any CPU.Build.0 = Debug|Any CPU
		{6C533B9D-C2A3-4F1C-91D2-677BB1DCE656}.Release|Any CPU.ActiveCfg = Release|Any CPU
		{6C533B9D-C2A3-4F1C-91D2-677BB1DCE656}.Release|Any CPU.Build.0 = Release|Any CPU
		{1AC38EA9-1C13-42B6-8A4B-FBE988FD38D8}.Debug|Any CPU.ActiveCfg = Debug|Any CPU
		{1AC38EA9-1C13-42B6-8A4B-FBE988FD38D8}.Debug|Any CPU.Build.0 = Debug|Any CPU
		{1AC38EA9-1C13-42B6-8A4B-FBE988FD38D8}.Release|Any CPU.ActiveCfg = Release|Any CPU
		{1AC38EA9-1C13-42B6-8A4B-FBE988FD38D8}.Release|Any CPU.Build.0 = Release|Any CPU
		{11409201-6CD5-4225-876E-F07E2C3C2BAB}.Debug|Any CPU.ActiveCfg = Debug|Any CPU
		{11409201-6CD5-4225-876E-F07E2C3C2BAB}.Debug|Any CPU.Build.0 = Debug|Any CPU
		{11409201-6CD5-4225-876E-F07E2C3C2BAB}.Release|Any CPU.ActiveCfg = Release|Any CPU
		{11409201-6CD5-4225-876E-F07E2C3C2BAB}.Release|Any CPU.Build.0 = Release|Any CPU
		{26462536-50D4-429D-926D-F835189C4222}.Debug|Any CPU.ActiveCfg = Debug|Any CPU
		{26462536-50D4-429D-926D-F835189C4222}.Debug|Any CPU.Build.0 = Debug|Any CPU
		{26462536-50D4-429D-926D-F835189C4222}.Release|Any CPU.ActiveCfg = Release|Any CPU
		{26462536-50D4-429D-926D-F835189C4222}.Release|Any CPU.Build.0 = Release|Any CPU
		{646ACCD7-E604-498A-B4F9-F87263348D1F}.Debug|Any CPU.ActiveCfg = Debug|Any CPU
		{646ACCD7-E604-498A-B4F9-F87263348D1F}.Debug|Any CPU.Build.0 = Debug|Any CPU
		{646ACCD7-E604-498A-B4F9-F87263348D1F}.Release|Any CPU.ActiveCfg = Release|Any CPU
		{646ACCD7-E604-498A-B4F9-F87263348D1F}.Release|Any CPU.Build.0 = Release|Any CPU
		{E295AF7E-0D37-42C2-AE56-AB9F962D6957}.Debug|Any CPU.ActiveCfg = Debug|Any CPU
		{E295AF7E-0D37-42C2-AE56-AB9F962D6957}.Debug|Any CPU.Build.0 = Debug|Any CPU
		{E295AF7E-0D37-42C2-AE56-AB9F962D6957}.Release|Any CPU.ActiveCfg = Release|Any CPU
		{E295AF7E-0D37-42C2-AE56-AB9F962D6957}.Release|Any CPU.Build.0 = Release|Any CPU
		{02A3DD11-A281-4A6D-BD41-56D47A928713}.Debug|Any CPU.ActiveCfg = Debug|Any CPU
		{02A3DD11-A281-4A6D-BD41-56D47A928713}.Debug|Any CPU.Build.0 = Debug|Any CPU
		{02A3DD11-A281-4A6D-BD41-56D47A928713}.Release|Any CPU.ActiveCfg = Release|Any CPU
		{02A3DD11-A281-4A6D-BD41-56D47A928713}.Release|Any CPU.Build.0 = Release|Any CPU
		{2A860ADA-4810-4CBE-A082-582C064C2B72}.Debug|Any CPU.ActiveCfg = Debug|Any CPU
		{2A860ADA-4810-4CBE-A082-582C064C2B72}.Debug|Any CPU.Build.0 = Debug|Any CPU
		{2A860ADA-4810-4CBE-A082-582C064C2B72}.Release|Any CPU.ActiveCfg = Release|Any CPU
		{2A860ADA-4810-4CBE-A082-582C064C2B72}.Release|Any CPU.Build.0 = Release|Any CPU
		{A795F027-C449-4A2B-AFEE-F57790C51706}.Debug|Any CPU.ActiveCfg = Debug|Any CPU
		{A795F027-C449-4A2B-AFEE-F57790C51706}.Debug|Any CPU.Build.0 = Debug|Any CPU
		{A795F027-C449-4A2B-AFEE-F57790C51706}.Release|Any CPU.ActiveCfg = Release|Any CPU
		{A795F027-C449-4A2B-AFEE-F57790C51706}.Release|Any CPU.Build.0 = Release|Any CPU
		{8555335F-A5B6-40CA-8FA8-505C070EA35E}.Debug|Any CPU.ActiveCfg = Debug|Any CPU
		{8555335F-A5B6-40CA-8FA8-505C070EA35E}.Debug|Any CPU.Build.0 = Debug|Any CPU
		{8555335F-A5B6-40CA-8FA8-505C070EA35E}.Release|Any CPU.ActiveCfg = Release|Any CPU
		{8555335F-A5B6-40CA-8FA8-505C070EA35E}.Release|Any CPU.Build.0 = Release|Any CPU
		{3D9DD7D9-6532-48C3-B0EB-0ADFAA7E0B3A}.Debug|Any CPU.ActiveCfg = Debug|Any CPU
		{3D9DD7D9-6532-48C3-B0EB-0ADFAA7E0B3A}.Debug|Any CPU.Build.0 = Debug|Any CPU
		{3D9DD7D9-6532-48C3-B0EB-0ADFAA7E0B3A}.Release|Any CPU.ActiveCfg = Release|Any CPU
		{3D9DD7D9-6532-48C3-B0EB-0ADFAA7E0B3A}.Release|Any CPU.Build.0 = Release|Any CPU
		{0ABB2978-D59D-4D0F-A074-BEDEEC198C43}.Debug|Any CPU.ActiveCfg = Debug|Any CPU
		{0ABB2978-D59D-4D0F-A074-BEDEEC198C43}.Debug|Any CPU.Build.0 = Debug|Any CPU
		{0ABB2978-D59D-4D0F-A074-BEDEEC198C43}.Release|Any CPU.ActiveCfg = Release|Any CPU
		{0ABB2978-D59D-4D0F-A074-BEDEEC198C43}.Release|Any CPU.Build.0 = Release|Any CPU
		{334B8022-3395-4582-A31E-A518D506EACF}.Debug|Any CPU.ActiveCfg = Debug|Any CPU
		{334B8022-3395-4582-A31E-A518D506EACF}.Debug|Any CPU.Build.0 = Debug|Any CPU
		{334B8022-3395-4582-A31E-A518D506EACF}.Release|Any CPU.ActiveCfg = Release|Any CPU
		{334B8022-3395-4582-A31E-A518D506EACF}.Release|Any CPU.Build.0 = Release|Any CPU
		{575262A0-A888-43FD-A590-0F86F545DB23}.Debug|Any CPU.ActiveCfg = Debug|Any CPU
		{575262A0-A888-43FD-A590-0F86F545DB23}.Debug|Any CPU.Build.0 = Debug|Any CPU
		{575262A0-A888-43FD-A590-0F86F545DB23}.Release|Any CPU.ActiveCfg = Release|Any CPU
		{575262A0-A888-43FD-A590-0F86F545DB23}.Release|Any CPU.Build.0 = Release|Any CPU
		{5F7B0633-D346-4F83-ADAD-FEA4895D5C84}.Debug|Any CPU.ActiveCfg = Debug|Any CPU
		{5F7B0633-D346-4F83-ADAD-FEA4895D5C84}.Debug|Any CPU.Build.0 = Debug|Any CPU
		{5F7B0633-D346-4F83-ADAD-FEA4895D5C84}.Release|Any CPU.ActiveCfg = Release|Any CPU
		{5F7B0633-D346-4F83-ADAD-FEA4895D5C84}.Release|Any CPU.Build.0 = Release|Any CPU
		{91FCC58A-2EFC-4BAB-817C-AF64CE34D915}.Debug|Any CPU.ActiveCfg = Debug|Any CPU
		{91FCC58A-2EFC-4BAB-817C-AF64CE34D915}.Debug|Any CPU.Build.0 = Debug|Any CPU
		{91FCC58A-2EFC-4BAB-817C-AF64CE34D915}.Release|Any CPU.ActiveCfg = Release|Any CPU
		{91FCC58A-2EFC-4BAB-817C-AF64CE34D915}.Release|Any CPU.Build.0 = Release|Any CPU
		{8A179E6D-2C0E-43FE-8439-D6493A73E7BF}.Debug|Any CPU.ActiveCfg = Debug|Any CPU
		{8A179E6D-2C0E-43FE-8439-D6493A73E7BF}.Debug|Any CPU.Build.0 = Debug|Any CPU
		{8A179E6D-2C0E-43FE-8439-D6493A73E7BF}.Release|Any CPU.ActiveCfg = Release|Any CPU
		{8A179E6D-2C0E-43FE-8439-D6493A73E7BF}.Release|Any CPU.Build.0 = Release|Any CPU
		{401D4050-C17E-40B6-BB63-EEC279C0E37B}.Debug|Any CPU.ActiveCfg = Debug|Any CPU
		{401D4050-C17E-40B6-BB63-EEC279C0E37B}.Debug|Any CPU.Build.0 = Debug|Any CPU
		{401D4050-C17E-40B6-BB63-EEC279C0E37B}.Release|Any CPU.ActiveCfg = Release|Any CPU
		{401D4050-C17E-40B6-BB63-EEC279C0E37B}.Release|Any CPU.Build.0 = Release|Any CPU
		{FAF16BB9-0711-4BA4-8896-3CCF110C20F7}.Debug|Any CPU.ActiveCfg = Debug|Any CPU
		{FAF16BB9-0711-4BA4-8896-3CCF110C20F7}.Debug|Any CPU.Build.0 = Debug|Any CPU
		{FAF16BB9-0711-4BA4-8896-3CCF110C20F7}.Release|Any CPU.ActiveCfg = Release|Any CPU
		{FAF16BB9-0711-4BA4-8896-3CCF110C20F7}.Release|Any CPU.Build.0 = Release|Any CPU
		{FF7B8875-D7D5-4391-9269-028094B11800}.Debug|Any CPU.ActiveCfg = Debug|Any CPU
		{FF7B8875-D7D5-4391-9269-028094B11800}.Debug|Any CPU.Build.0 = Debug|Any CPU
		{FF7B8875-D7D5-4391-9269-028094B11800}.Release|Any CPU.ActiveCfg = Release|Any CPU
		{FF7B8875-D7D5-4391-9269-028094B11800}.Release|Any CPU.Build.0 = Release|Any CPU
		{230257AC-0016-4C0D-BE8D-CE6B07FE39BF}.Debug|Any CPU.ActiveCfg = Debug|Any CPU
		{230257AC-0016-4C0D-BE8D-CE6B07FE39BF}.Debug|Any CPU.Build.0 = Debug|Any CPU
		{230257AC-0016-4C0D-BE8D-CE6B07FE39BF}.Release|Any CPU.ActiveCfg = Release|Any CPU
		{230257AC-0016-4C0D-BE8D-CE6B07FE39BF}.Release|Any CPU.Build.0 = Release|Any CPU
		{28047923-19DF-41F9-BDBD-81077EAC6BBA}.Debug|Any CPU.ActiveCfg = Debug|Any CPU
		{28047923-19DF-41F9-BDBD-81077EAC6BBA}.Debug|Any CPU.Build.0 = Debug|Any CPU
		{28047923-19DF-41F9-BDBD-81077EAC6BBA}.Release|Any CPU.ActiveCfg = Release|Any CPU
		{28047923-19DF-41F9-BDBD-81077EAC6BBA}.Release|Any CPU.Build.0 = Release|Any CPU
		{30A9D596-6EFE-48CE-9709-6C9F4B02E350}.Debug|Any CPU.ActiveCfg = Debug|Any CPU
		{30A9D596-6EFE-48CE-9709-6C9F4B02E350}.Debug|Any CPU.Build.0 = Debug|Any CPU
		{30A9D596-6EFE-48CE-9709-6C9F4B02E350}.Release|Any CPU.ActiveCfg = Release|Any CPU
		{30A9D596-6EFE-48CE-9709-6C9F4B02E350}.Release|Any CPU.Build.0 = Release|Any CPU
		{97265560-52C5-4F42-A74E-2962F4A52203}.Debug|Any CPU.ActiveCfg = Debug|Any CPU
		{97265560-52C5-4F42-A74E-2962F4A52203}.Debug|Any CPU.Build.0 = Debug|Any CPU
		{97265560-52C5-4F42-A74E-2962F4A52203}.Release|Any CPU.ActiveCfg = Release|Any CPU
		{97265560-52C5-4F42-A74E-2962F4A52203}.Release|Any CPU.Build.0 = Release|Any CPU
		{575F35F5-6DF6-4AC3-8D74-34A0804B5C50}.Debug|Any CPU.ActiveCfg = Debug|Any CPU
		{575F35F5-6DF6-4AC3-8D74-34A0804B5C50}.Debug|Any CPU.Build.0 = Debug|Any CPU
		{575F35F5-6DF6-4AC3-8D74-34A0804B5C50}.Release|Any CPU.ActiveCfg = Release|Any CPU
		{575F35F5-6DF6-4AC3-8D74-34A0804B5C50}.Release|Any CPU.Build.0 = Release|Any CPU
		{4CF9A3AE-29E7-4C2B-BDD5-EC565B06DB9E}.Debug|Any CPU.ActiveCfg = Debug|Any CPU
		{4CF9A3AE-29E7-4C2B-BDD5-EC565B06DB9E}.Debug|Any CPU.Build.0 = Debug|Any CPU
		{4CF9A3AE-29E7-4C2B-BDD5-EC565B06DB9E}.Release|Any CPU.ActiveCfg = Release|Any CPU
		{4CF9A3AE-29E7-4C2B-BDD5-EC565B06DB9E}.Release|Any CPU.Build.0 = Release|Any CPU
		{BF0035DD-7148-43A5-980C-6F74F983392E}.Debug|Any CPU.ActiveCfg = Debug|Any CPU
		{BF0035DD-7148-43A5-980C-6F74F983392E}.Debug|Any CPU.Build.0 = Debug|Any CPU
		{BF0035DD-7148-43A5-980C-6F74F983392E}.Release|Any CPU.ActiveCfg = Release|Any CPU
		{BF0035DD-7148-43A5-980C-6F74F983392E}.Release|Any CPU.Build.0 = Release|Any CPU
		{69B9FE3A-B4E9-4E9B-8327-63FA7BCC6336}.Debug|Any CPU.ActiveCfg = Debug|Any CPU
		{69B9FE3A-B4E9-4E9B-8327-63FA7BCC6336}.Debug|Any CPU.Build.0 = Debug|Any CPU
		{69B9FE3A-B4E9-4E9B-8327-63FA7BCC6336}.Release|Any CPU.ActiveCfg = Release|Any CPU
		{69B9FE3A-B4E9-4E9B-8327-63FA7BCC6336}.Release|Any CPU.Build.0 = Release|Any CPU
		{1A88B5DF-3FD0-49A7-8C06-73ECF740D062}.Debug|Any CPU.ActiveCfg = Debug|Any CPU
		{1A88B5DF-3FD0-49A7-8C06-73ECF740D062}.Debug|Any CPU.Build.0 = Debug|Any CPU
		{1A88B5DF-3FD0-49A7-8C06-73ECF740D062}.Release|Any CPU.ActiveCfg = Release|Any CPU
		{1A88B5DF-3FD0-49A7-8C06-73ECF740D062}.Release|Any CPU.Build.0 = Release|Any CPU
	EndGlobalSection
	GlobalSection(SolutionProperties) = preSolution
		HideSolutionNode = FALSE
	EndGlobalSection
	GlobalSection(NestedProjects) = preSolution
		{4E9CF540-42B5-4C8F-A2D4-8DD92D20D99D} = {E58A84DE-593E-4E8B-9A9B-0903279BEC91}
		{5C003D9B-4187-43C1-B466-381A9CFC2C51} = {2B41F28A-3580-4607-B219-FE301F81DF20}
		{2B41F28A-3580-4607-B219-FE301F81DF20} = {43A9892B-E649-4A50-BB34-F8673EAF5973}
		{E58A84DE-593E-4E8B-9A9B-0903279BEC91} = {43A9892B-E649-4A50-BB34-F8673EAF5973}
		{DA9B6F95-A339-4C9F-9BEE-F926E2338F63} = {43A9892B-E649-4A50-BB34-F8673EAF5973}
		{D573A221-72B7-4BB8-B620-0D8787465617} = {DA9B6F95-A339-4C9F-9BEE-F926E2338F63}
		{653992BB-C5FB-41AB-8F53-EA87AD28239F} = {43A9892B-E649-4A50-BB34-F8673EAF5973}
		{E9A58E7E-8C76-4086-8029-BB057BD1339E} = {653992BB-C5FB-41AB-8F53-EA87AD28239F}
		{6DBB16DC-774F-428D-A790-D3680263EE46} = {E58A84DE-593E-4E8B-9A9B-0903279BEC91}
		{C9CB52E2-9207-47E7-AA37-9DCD09D53FF5} = {43A9892B-E649-4A50-BB34-F8673EAF5973}
		{CFE99D09-CE63-442C-90E7-5332A670BDA2} = {C9CB52E2-9207-47E7-AA37-9DCD09D53FF5}
		{CEE4F6BC-91EB-4F52-9ACB-5FAA3943B003} = {43A9892B-E649-4A50-BB34-F8673EAF5973}
		{2AB073D5-6E3C-4AC0-AF7D-C69A9BFBE68E} = {CEE4F6BC-91EB-4F52-9ACB-5FAA3943B003}
		{622BA011-2CFF-4473-8425-0C90A08B458E} = {43A9892B-E649-4A50-BB34-F8673EAF5973}
		{C6D2AF1D-E4BA-4860-BCA2-A8A7D40CD072} = {622BA011-2CFF-4473-8425-0C90A08B458E}
		{AB9B563E-2CC3-411A-B882-6BE67DCE2A00} = {43A9892B-E649-4A50-BB34-F8673EAF5973}
		{CD01DB3E-3FB0-4429-9129-B406819878E8} = {AB9B563E-2CC3-411A-B882-6BE67DCE2A00}
		{C4952C57-F4F9-491C-822A-4EBC9422659A} = {43A9892B-E649-4A50-BB34-F8673EAF5973}
		{FB75C5A3-7148-41D5-B3AB-792EA9322C50} = {C4952C57-F4F9-491C-822A-4EBC9422659A}
		{01BD2E45-A725-4398-AB93-EB1F034FA7F9} = {43A9892B-E649-4A50-BB34-F8673EAF5973}
		{D369160F-B413-4901-8CA9-DC7154AC65E1} = {01BD2E45-A725-4398-AB93-EB1F034FA7F9}
		{6307EDDC-F33C-4B65-B1FC-177E457D0396} = {43A9892B-E649-4A50-BB34-F8673EAF5973}
		{1DBE6163-E695-4339-A5CE-7115EE046364} = {6307EDDC-F33C-4B65-B1FC-177E457D0396}
		{618B668C-48E4-4A08-A4D8-194B64190A8F} = {0B862949-AEB2-43BC-A3D8-ADB3DC10CA6C}
		{5461B5C2-EA34-4DDD-A8E8-E8042B2BA0C8} = {43A9892B-E649-4A50-BB34-F8673EAF5973}
		{1980163D-3386-4D98-B437-EED040F6C5E5} = {5461B5C2-EA34-4DDD-A8E8-E8042B2BA0C8}
		{6C533B9D-C2A3-4F1C-91D2-677BB1DCE656} = {AB9B563E-2CC3-411A-B882-6BE67DCE2A00}
		{0B862949-AEB2-43BC-A3D8-ADB3DC10CA6C} = {43A9892B-E649-4A50-BB34-F8673EAF5973}
		{1AC38EA9-1C13-42B6-8A4B-FBE988FD38D8} = {DA9B6F95-A339-4C9F-9BEE-F926E2338F63}
		{D0D3E3FA-243B-41E7-AA31-43D9CCC2E153} = {43A9892B-E649-4A50-BB34-F8673EAF5973}
		{11409201-6CD5-4225-876E-F07E2C3C2BAB} = {D0D3E3FA-243B-41E7-AA31-43D9CCC2E153}
		{26462536-50D4-429D-926D-F835189C4222} = {2B41F28A-3580-4607-B219-FE301F81DF20}
		{646ACCD7-E604-498A-B4F9-F87263348D1F} = {2B41F28A-3580-4607-B219-FE301F81DF20}
		{E295AF7E-0D37-42C2-AE56-AB9F962D6957} = {622BA011-2CFF-4473-8425-0C90A08B458E}
		{02A3DD11-A281-4A6D-BD41-56D47A928713} = {D0D3E3FA-243B-41E7-AA31-43D9CCC2E153}
		{2A860ADA-4810-4CBE-A082-582C064C2B72} = {8FE6A4CC-E79B-440C-8427-FB21CAC8111B}
		{A795F027-C449-4A2B-AFEE-F57790C51706} = {8FE6A4CC-E79B-440C-8427-FB21CAC8111B}
		{8555335F-A5B6-40CA-8FA8-505C070EA35E} = {8FE6A4CC-E79B-440C-8427-FB21CAC8111B}
		{64BF3B08-9081-4D90-9568-D2D92D2F6133} = {43A9892B-E649-4A50-BB34-F8673EAF5973}
		{3D9DD7D9-6532-48C3-B0EB-0ADFAA7E0B3A} = {64BF3B08-9081-4D90-9568-D2D92D2F6133}
		{0ABB2978-D59D-4D0F-A074-BEDEEC198C43} = {64BF3B08-9081-4D90-9568-D2D92D2F6133}
		{334B8022-3395-4582-A31E-A518D506EACF} = {64BF3B08-9081-4D90-9568-D2D92D2F6133}
		{575262A0-A888-43FD-A590-0F86F545DB23} = {0B862949-AEB2-43BC-A3D8-ADB3DC10CA6C}
		{AF23E548-C506-4D95-8F1C-3FDF4851DF3E} = {43A9892B-E649-4A50-BB34-F8673EAF5973}
		{5F7B0633-D346-4F83-ADAD-FEA4895D5C84} = {AF23E548-C506-4D95-8F1C-3FDF4851DF3E}
		{91FCC58A-2EFC-4BAB-817C-AF64CE34D915} = {AF23E548-C506-4D95-8F1C-3FDF4851DF3E}
		{C3E73A33-F6E9-4685-86BF-79A2EF70749C} = {43A9892B-E649-4A50-BB34-F8673EAF5973}
		{8A179E6D-2C0E-43FE-8439-D6493A73E7BF} = {C3E73A33-F6E9-4685-86BF-79A2EF70749C}
		{401D4050-C17E-40B6-BB63-EEC279C0E37B} = {F19DB3A8-4138-479D-94AF-AA1C0A6B6603}
		{C794B39E-5775-4453-8028-AB2BF1C38F62} = {43A9892B-E649-4A50-BB34-F8673EAF5973}
		{FAF16BB9-0711-4BA4-8896-3CCF110C20F7} = {C794B39E-5775-4453-8028-AB2BF1C38F62}
		{3EBB8BA7-B71E-46D2-AC81-3B3C00F35681} = {43A9892B-E649-4A50-BB34-F8673EAF5973}
		{FF7B8875-D7D5-4391-9269-028094B11800} = {3EBB8BA7-B71E-46D2-AC81-3B3C00F35681}
		{88E5D560-5614-4107-AF1E-B854D7BDD0F8} = {43A9892B-E649-4A50-BB34-F8673EAF5973}
		{230257AC-0016-4C0D-BE8D-CE6B07FE39BF} = {88E5D560-5614-4107-AF1E-B854D7BDD0F8}
		{96A90D01-6BAF-4E77-B210-65AC88A47951} = {43A9892B-E649-4A50-BB34-F8673EAF5973}
		{28047923-19DF-41F9-BDBD-81077EAC6BBA} = {96A90D01-6BAF-4E77-B210-65AC88A47951}
		{30A9D596-6EFE-48CE-9709-6C9F4B02E350} = {CEE4F6BC-91EB-4F52-9ACB-5FAA3943B003}
		{97265560-52C5-4F42-A74E-2962F4A52203} = {C794B39E-5775-4453-8028-AB2BF1C38F62}
		{575F35F5-6DF6-4AC3-8D74-34A0804B5C50} = {E58A84DE-593E-4E8B-9A9B-0903279BEC91}
		{347D1629-42A0-4259-B8E9-A4D5D1ADEEBB} = {43A9892B-E649-4A50-BB34-F8673EAF5973}
		{4CF9A3AE-29E7-4C2B-BDD5-EC565B06DB9E} = {347D1629-42A0-4259-B8E9-A4D5D1ADEEBB}
		{307CF662-F266-40BE-A171-FEB48FCE66DF} = {43A9892B-E649-4A50-BB34-F8673EAF5973}
		{BF0035DD-7148-43A5-980C-6F74F983392E} = {307CF662-F266-40BE-A171-FEB48FCE66DF}
		{69B9FE3A-B4E9-4E9B-8327-63FA7BCC6336} = {307CF662-F266-40BE-A171-FEB48FCE66DF}
		{2E571D1E-F386-4716-898E-6BB6A1E0A5D6} = {43A9892B-E649-4A50-BB34-F8673EAF5973}
		{1A88B5DF-3FD0-49A7-8C06-73ECF740D062} = {2E571D1E-F386-4716-898E-6BB6A1E0A5D6}
	EndGlobalSection
	GlobalSection(ExtensibilityGlobals) = postSolution
		SolutionGuid = {11328C71-22BA-46C6-9F11-1C391681FE61}
	EndGlobalSection
EndGlobal
