
Microsoft Visual Studio Solution File, Format Version 12.00
# Visual Studio Version 17
VisualStudioVersion = 17.0.32112.339
MinimumVisualStudioVersion = 10.0.40219.1
Project("{9A19103F-16F7-4668-BE54-9A1E7A4F7556}") = "API", "API\API.csproj", "{9AD61A90-600B-444A-BEDF-9D3275B6B64C}"
EndProject
Project("{9A19103F-16F7-4668-BE54-9A1E7A4F7556}") = "IDP", "IDP\IDP.csproj", "{361D5809-99D5-4F34-86F4-E0095B21EC87}"
EndProject
Project("{9A19103F-16F7-4668-BE54-9A1E7A4F7556}") = "Services.Database", "Services.Database\Services.Database.csproj", "{529EEEC7-5979-4D9E-B034-F86F7A47874D}"
EndProject
Project("{9A19103F-16F7-4668-BE54-9A1E7A4F7556}") = "Models", "Models\Models.csproj", "{7041C1E1-BA57-4F67-8356-A47504FD2F52}"
EndProject
Project("{9A19103F-16F7-4668-BE54-9A1E7A4F7556}") = "Services", "Services\Services.csproj", "{8D6C38E8-44AC-4C1B-ADFE-6600314BE102}"
EndProject
Global
	GlobalSection(SolutionConfigurationPlatforms) = preSolution
		Debug|Any CPU = Debug|Any CPU
		Release|Any CPU = Release|Any CPU
	EndGlobalSection
	GlobalSection(ProjectConfigurationPlatforms) = postSolution
		{9AD61A90-600B-444A-BEDF-9D3275B6B64C}.Debug|Any CPU.ActiveCfg = Debug|Any CPU
		{9AD61A90-600B-444A-BEDF-9D3275B6B64C}.Debug|Any CPU.Build.0 = Debug|Any CPU
		{9AD61A90-600B-444A-BEDF-9D3275B6B64C}.Release|Any CPU.ActiveCfg = Release|Any CPU
		{9AD61A90-600B-444A-BEDF-9D3275B6B64C}.Release|Any CPU.Build.0 = Release|Any CPU
		{361D5809-99D5-4F34-86F4-E0095B21EC87}.Debug|Any CPU.ActiveCfg = Debug|Any CPU
		{361D5809-99D5-4F34-86F4-E0095B21EC87}.Debug|Any CPU.Build.0 = Debug|Any CPU
		{361D5809-99D5-4F34-86F4-E0095B21EC87}.Release|Any CPU.ActiveCfg = Release|Any CPU
		{361D5809-99D5-4F34-86F4-E0095B21EC87}.Release|Any CPU.Build.0 = Release|Any CPU
		{529EEEC7-5979-4D9E-B034-F86F7A47874D}.Debug|Any CPU.ActiveCfg = Debug|Any CPU
		{529EEEC7-5979-4D9E-B034-F86F7A47874D}.Debug|Any CPU.Build.0 = Debug|Any CPU
		{529EEEC7-5979-4D9E-B034-F86F7A47874D}.Release|Any CPU.ActiveCfg = Release|Any CPU
		{529EEEC7-5979-4D9E-B034-F86F7A47874D}.Release|Any CPU.Build.0 = Release|Any CPU
		{7041C1E1-BA57-4F67-8356-A47504FD2F52}.Debug|Any CPU.ActiveCfg = Debug|Any CPU
		{7041C1E1-BA57-4F67-8356-A47504FD2F52}.Debug|Any CPU.Build.0 = Debug|Any CPU
		{7041C1E1-BA57-4F67-8356-A47504FD2F52}.Release|Any CPU.ActiveCfg = Release|Any CPU
		{7041C1E1-BA57-4F67-8356-A47504FD2F52}.Release|Any CPU.Build.0 = Release|Any CPU
		{8D6C38E8-44AC-4C1B-ADFE-6600314BE102}.Debug|Any CPU.ActiveCfg = Debug|Any CPU
		{8D6C38E8-44AC-4C1B-ADFE-6600314BE102}.Debug|Any CPU.Build.0 = Debug|Any CPU
		{8D6C38E8-44AC-4C1B-ADFE-6600314BE102}.Release|Any CPU.ActiveCfg = Release|Any CPU
		{8D6C38E8-44AC-4C1B-ADFE-6600314BE102}.Release|Any CPU.Build.0 = Release|Any CPU
	EndGlobalSection
	GlobalSection(SolutionProperties) = preSolution
		HideSolutionNode = FALSE
	EndGlobalSection
	GlobalSection(ExtensibilityGlobals) = postSolution
		SolutionGuid = {11328C71-22BA-46C6-9F11-1C391681FE61}
	EndGlobalSection
EndGlobal
